
Microsoft Visual Studio Solution File, Format Version 12.00
# Visual Studio 15
VisualStudioVersion = 15.0.28307.1738
MinimumVisualStudioVersion = 10.0.40219.1
Project("{9A19103F-16F7-4668-BE54-9A1E7A4F7556}") = "CustomerManagement.Api", "CustomerManagement\CustomerManagement.Api.csproj", "{37667CB1-BFF7-4A6E-AFC9-93E94393C632}"
EndProject
Project("{FAE04EC0-301F-11D3-BF4B-00C04F79EFBC}") = "CustomerManagement.Repo", "CustomerManagement.Repo\CustomerManagement.Repo.csproj", "{5431C8A6-6D63-4CD1-8E0F-EE79D7E4798B}"
EndProject
Project("{FAE04EC0-301F-11D3-BF4B-00C04F79EFBC}") = "CustomerManagement.Service", "CustomerManagement.Service\CustomerManagement.Service.csproj", "{DBD7C06F-67C3-4892-B9FB-7633F20B7402}"
EndProject
Global
	GlobalSection(SolutionConfigurationPlatforms) = preSolution
		Debug|Any CPU = Debug|Any CPU
		Release|Any CPU = Release|Any CPU
	EndGlobalSection
	GlobalSection(ProjectConfigurationPlatforms) = postSolution
		{37667CB1-BFF7-4A6E-AFC9-93E94393C632}.Debug|Any CPU.ActiveCfg = Debug|Any CPU
		{37667CB1-BFF7-4A6E-AFC9-93E94393C632}.Debug|Any CPU.Build.0 = Debug|Any CPU
		{37667CB1-BFF7-4A6E-AFC9-93E94393C632}.Release|Any CPU.ActiveCfg = Release|Any CPU
		{37667CB1-BFF7-4A6E-AFC9-93E94393C632}.Release|Any CPU.Build.0 = Release|Any CPU
		{5431C8A6-6D63-4CD1-8E0F-EE79D7E4798B}.Debug|Any CPU.ActiveCfg = Debug|Any CPU
		{5431C8A6-6D63-4CD1-8E0F-EE79D7E4798B}.Debug|Any CPU.Build.0 = Debug|Any CPU
		{5431C8A6-6D63-4CD1-8E0F-EE79D7E4798B}.Release|Any CPU.ActiveCfg = Release|Any CPU
		{5431C8A6-6D63-4CD1-8E0F-EE79D7E4798B}.Release|Any CPU.Build.0 = Release|Any CPU
		{DBD7C06F-67C3-4892-B9FB-7633F20B7402}.Debug|Any CPU.ActiveCfg = Debug|Any CPU
		{DBD7C06F-67C3-4892-B9FB-7633F20B7402}.Debug|Any CPU.Build.0 = Debug|Any CPU
		{DBD7C06F-67C3-4892-B9FB-7633F20B7402}.Release|Any CPU.ActiveCfg = Release|Any CPU
		{DBD7C06F-67C3-4892-B9FB-7633F20B7402}.Release|Any CPU.Build.0 = Release|Any CPU
	EndGlobalSection
	GlobalSection(SolutionProperties) = preSolution
		HideSolutionNode = FALSE
	EndGlobalSection
	GlobalSection(ExtensibilityGlobals) = postSolution
		SolutionGuid = {8CCF74C5-CBE2-43AA-A08C-C60B9607F616}
	EndGlobalSection
EndGlobal
